// !$*UTF8*$!
{
	archiveVersion = 1;
	classes = {
	};
	objectVersion = 50;
	objects = {

/* Begin PBXBuildFile section */
		DD0293242111FE3100FC3800 /* AppDelegate.swift in Sources */ = {isa = PBXBuildFile; fileRef = DD0293232111FE3100FC3800 /* AppDelegate.swift */; };
		DD0293262111FE3100FC3800 /* WelcomeController.swift in Sources */ = {isa = PBXBuildFile; fileRef = DD0293252111FE3100FC3800 /* WelcomeController.swift */; };
		DD02932C2111FE3100FC3800 /* Getitdone.xcdatamodeld in Sources */ = {isa = PBXBuildFile; fileRef = DD02932A2111FE3100FC3800 /* Getitdone.xcdatamodeld */; };
		DD02932E2111FE3300FC3800 /* Assets.xcassets in Resources */ = {isa = PBXBuildFile; fileRef = DD02932D2111FE3300FC3800 /* Assets.xcassets */; };
		DD0293312111FE3300FC3800 /* LaunchScreen.storyboard in Resources */ = {isa = PBXBuildFile; fileRef = DD02932F2111FE3300FC3800 /* LaunchScreen.storyboard */; };
		DD0293392113569E00FC3800 /* GDGradient.swift in Sources */ = {isa = PBXBuildFile; fileRef = DD0293382113569E00FC3800 /* GDGradient.swift */; };
		DD1D7A452185BF9800A4BC6C /* optionset.swift in Sources */ = {isa = PBXBuildFile; fileRef = DD1D7A442185BF9800A4BC6C /* optionset.swift */; };
		DD455C04212EF99400212164 /* extension.swift in Sources */ = {isa = PBXBuildFile; fileRef = DD455C03212EF99400212164 /* extension.swift */; };
		DDBD7DC02196C57100483619 /* GDTableView.swift in Sources */ = {isa = PBXBuildFile; fileRef = DDBD7DBF2196C57100483619 /* GDTableView.swift */; };
		DDC0E7E221340CD1005D4DAA /* GDLabel.swift in Sources */ = {isa = PBXBuildFile; fileRef = DDC0E7E121340CD1005D4DAA /* GDLabel.swift */; };
		DDC0E7E5213426E8005D4DAA /* Raleway-v4020-Regular.otf in Resources */ = {isa = PBXBuildFile; fileRef = DDC0E7E4213426E8005D4DAA /* Raleway-v4020-Regular.otf */; };
		DDC0E7E721342C7D005D4DAA /* Raleway-v4020-SemiBold.otf in Resources */ = {isa = PBXBuildFile; fileRef = DDC0E7E621342C7D005D4DAA /* Raleway-v4020-SemiBold.otf */; };
		DDC0E7E92134420F005D4DAA /* GDButton.swift in Sources */ = {isa = PBXBuildFile; fileRef = DDC0E7E82134420F005D4DAA /* GDButton.swift */; };
		DDC0E7EB21353CFB005D4DAA /* ListController.swift in Sources */ = {isa = PBXBuildFile; fileRef = DDC0E7EA21353CFB005D4DAA /* ListController.swift */; };
		DDC0E7ED2137FFE4005D4DAA /* GDHeaderView.swift in Sources */ = {isa = PBXBuildFile; fileRef = DDC0E7EC2137FFE4005D4DAA /* GDHeaderView.swift */; };
		DDCD1941218CB04900855E95 /* protocol.swift in Sources */ = {isa = PBXBuildFile; fileRef = DDCD1940218CB04900855E95 /* protocol.swift */; };
		DDCD1943218CB33D00855E95 /* GDNewItemPopup.swift in Sources */ = {isa = PBXBuildFile; fileRef = DDCD1942218CB33D00855E95 /* GDNewItemPopup.swift */; };
		DDCD1945218CC09500855E95 /* GDTextField.swift in Sources */ = {isa = PBXBuildFile; fileRef = DDCD1944218CC09500855E95 /* GDTextField.swift */; };
/* End PBXBuildFile section */

/* Begin PBXFileReference section */
		DD0293202111FE3100FC3800 /* Getitdone.app */ = {isa = PBXFileReference; explicitFileType = wrapper.application; includeInIndex = 0; path = Getitdone.app; sourceTree = BUILT_PRODUCTS_DIR; };
		DD0293232111FE3100FC3800 /* AppDelegate.swift */ = {isa = PBXFileReference; lastKnownFileType = sourcecode.swift; path = AppDelegate.swift; sourceTree = "<group>"; };
		DD0293252111FE3100FC3800 /* WelcomeController.swift */ = {isa = PBXFileReference; lastKnownFileType = sourcecode.swift; path = WelcomeController.swift; sourceTree = "<group>"; };
		DD02932B2111FE3100FC3800 /* Getitdone.xcdatamodel */ = {isa = PBXFileReference; lastKnownFileType = wrapper.xcdatamodel; path = Getitdone.xcdatamodel; sourceTree = "<group>"; };
		DD02932D2111FE3300FC3800 /* Assets.xcassets */ = {isa = PBXFileReference; lastKnownFileType = folder.assetcatalog; path = Assets.xcassets; sourceTree = "<group>"; };
		DD0293302111FE3300FC3800 /* Base */ = {isa = PBXFileReference; lastKnownFileType = file.storyboard; name = Base; path = Base.lproj/LaunchScreen.storyboard; sourceTree = "<group>"; };
		DD0293322111FE3300FC3800 /* Info.plist */ = {isa = PBXFileReference; lastKnownFileType = text.plist.xml; path = Info.plist; sourceTree = "<group>"; };
		DD0293382113569E00FC3800 /* GDGradient.swift */ = {isa = PBXFileReference; lastKnownFileType = sourcecode.swift; path = GDGradient.swift; sourceTree = "<group>"; };
		DD1D7A442185BF9800A4BC6C /* optionset.swift */ = {isa = PBXFileReference; lastKnownFileType = sourcecode.swift; path = optionset.swift; sourceTree = "<group>"; };
		DD455C03212EF99400212164 /* extension.swift */ = {isa = PBXFileReference; lastKnownFileType = sourcecode.swift; path = extension.swift; sourceTree = "<group>"; };
		DDBD7DBF2196C57100483619 /* GDTableView.swift */ = {isa = PBXFileReference; lastKnownFileType = sourcecode.swift; path = GDTableView.swift; sourceTree = "<group>"; };
		DDC0E7E121340CD1005D4DAA /* GDLabel.swift */ = {isa = PBXFileReference; lastKnownFileType = sourcecode.swift; path = GDLabel.swift; sourceTree = "<group>"; };
		DDC0E7E4213426E8005D4DAA /* Raleway-v4020-Regular.otf */ = {isa = PBXFileReference; lastKnownFileType = file; path = "Raleway-v4020-Regular.otf"; sourceTree = "<group>"; };
		DDC0E7E621342C7D005D4DAA /* Raleway-v4020-SemiBold.otf */ = {isa = PBXFileReference; lastKnownFileType = file; path = "Raleway-v4020-SemiBold.otf"; sourceTree = "<group>"; };
		DDC0E7E82134420F005D4DAA /* GDButton.swift */ = {isa = PBXFileReference; lastKnownFileType = sourcecode.swift; path = GDButton.swift; sourceTree = "<group>"; };
		DDC0E7EA21353CFB005D4DAA /* ListController.swift */ = {isa = PBXFileReference; lastKnownFileType = sourcecode.swift; path = ListController.swift; sourceTree = "<group>"; };
		DDC0E7EC2137FFE4005D4DAA /* GDHeaderView.swift */ = {isa = PBXFileReference; lastKnownFileType = sourcecode.swift; path = GDHeaderView.swift; sourceTree = "<group>"; };
		DDCD1940218CB04900855E95 /* protocol.swift */ = {isa = PBXFileReference; lastKnownFileType = sourcecode.swift; path = protocol.swift; sourceTree = "<group>"; };
		DDCD1942218CB33D00855E95 /* GDNewItemPopup.swift */ = {isa = PBXFileReference; lastKnownFileType = sourcecode.swift; path = GDNewItemPopup.swift; sourceTree = "<group>"; };
		DDCD1944218CC09500855E95 /* GDTextField.swift */ = {isa = PBXFileReference; lastKnownFileType = sourcecode.swift; path = GDTextField.swift; sourceTree = "<group>"; };
/* End PBXFileReference section */

/* Begin PBXFrameworksBuildPhase section */
		DD02931D2111FE3100FC3800 /* Frameworks */ = {
			isa = PBXFrameworksBuildPhase;
			buildActionMask = 2147483647;
			files = (
			);
			runOnlyForDeploymentPostprocessing = 0;
		};
/* End PBXFrameworksBuildPhase section */

/* Begin PBXGroup section */
		DD0293172111FE3000FC3800 = {
			isa = PBXGroup;
			children = (
				DD0293222111FE3100FC3800 /* Getitdone */,
				DD0293212111FE3100FC3800 /* Products */,
			);
			sourceTree = "<group>";
		};
		DD0293212111FE3100FC3800 /* Products */ = {
			isa = PBXGroup;
			children = (
				DD0293202111FE3100FC3800 /* Getitdone.app */,
			);
			name = Products;
			sourceTree = "<group>";
		};
		DD0293222111FE3100FC3800 /* Getitdone */ = {
			isa = PBXGroup;
			children = (
				DD0293232111FE3100FC3800 /* AppDelegate.swift */,
				DDC0E7E3213425E6005D4DAA /* fonts */,
				DD455C02212EF92F00212164 /* extension */,
				DDC0E7E021340CB0005D4DAA /* custom */,
				DD7B3588214023850003C4A2 /* controllers */,
				DD02932D2111FE3300FC3800 /* Assets.xcassets */,
				DD02932F2111FE3300FC3800 /* LaunchScreen.storyboard */,
				DD0293322111FE3300FC3800 /* Info.plist */,
				DD02932A2111FE3100FC3800 /* Getitdone.xcdatamodeld */,
			);
			path = Getitdone;
			sourceTree = "<group>";
		};
		DD455C02212EF92F00212164 /* extension */ = {
			isa = PBXGroup;
			children = (
				DD455C03212EF99400212164 /* extension.swift */,
				DD1D7A442185BF9800A4BC6C /* optionset.swift */,
				DDCD1940218CB04900855E95 /* protocol.swift */,
			);
			path = extension;
			sourceTree = "<group>";
		};
		DD7B3588214023850003C4A2 /* controllers */ = {
			isa = PBXGroup;
			children = (
				DD0293252111FE3100FC3800 /* WelcomeController.swift */,
				DDC0E7EA21353CFB005D4DAA /* ListController.swift */,
			);
			path = controllers;
			sourceTree = "<group>";
		};
		DDC0E7E021340CB0005D4DAA /* custom */ = {
			isa = PBXGroup;
			children = (
				DD0293382113569E00FC3800 /* GDGradient.swift */,
				DDC0E7E121340CD1005D4DAA /* GDLabel.swift */,
				DDC0E7E82134420F005D4DAA /* GDButton.swift */,
				DDC0E7EC2137FFE4005D4DAA /* GDHeaderView.swift */,
				DDCD1942218CB33D00855E95 /* GDNewItemPopup.swift */,
				DDCD1944218CC09500855E95 /* GDTextField.swift */,
				DDBD7DBF2196C57100483619 /* GDTableView.swift */,
			);
			path = custom;
			sourceTree = "<group>";
		};
		DDC0E7E3213425E6005D4DAA /* fonts */ = {
			isa = PBXGroup;
			children = (
				DDC0E7E621342C7D005D4DAA /* Raleway-v4020-SemiBold.otf */,
				DDC0E7E4213426E8005D4DAA /* Raleway-v4020-Regular.otf */,
			);
			path = fonts;
			sourceTree = "<group>";
		};
/* End PBXGroup section */

/* Begin PBXNativeTarget section */
		DD02931F2111FE3100FC3800 /* Getitdone */ = {
			isa = PBXNativeTarget;
			buildConfigurationList = DD0293352111FE3300FC3800 /* Build configuration list for PBXNativeTarget "Getitdone" */;
			buildPhases = (
				DD02931C2111FE3100FC3800 /* Sources */,
				DD02931D2111FE3100FC3800 /* Frameworks */,
				DD02931E2111FE3100FC3800 /* Resources */,
			);
			buildRules = (
			);
			dependencies = (
			);
			name = Getitdone;
			productName = Getitdone;
			productReference = DD0293202111FE3100FC3800 /* Getitdone.app */;
			productType = "com.apple.product-type.application";
		};
/* End PBXNativeTarget section */

/* Begin PBXProject section */
		DD0293182111FE3100FC3800 /* Project object */ = {
			isa = PBXProject;
			attributes = {
				LastSwiftUpdateCheck = 0940;
				LastUpgradeCheck = 0940;
				ORGANIZATIONNAME = "Albert Mialet Gimenez";
				TargetAttributes = {
					DD02931F2111FE3100FC3800 = {
						CreatedOnToolsVersion = 9.4.1;
					};
				};
			};
			buildConfigurationList = DD02931B2111FE3100FC3800 /* Build configuration list for PBXProject "Getitdone" */;
			compatibilityVersion = "Xcode 9.3";
			developmentRegion = en;
			hasScannedForEncodings = 0;
			knownRegions = (
				en,
				Base,
			);
			mainGroup = DD0293172111FE3000FC3800;
			productRefGroup = DD0293212111FE3100FC3800 /* Products */;
			projectDirPath = "";
			projectRoot = "";
			targets = (
				DD02931F2111FE3100FC3800 /* Getitdone */,
			);
		};
/* End PBXProject section */

/* Begin PBXResourcesBuildPhase section */
		DD02931E2111FE3100FC3800 /* Resources */ = {
			isa = PBXResourcesBuildPhase;
			buildActionMask = 2147483647;
			files = (
				DDC0E7E5213426E8005D4DAA /* Raleway-v4020-Regular.otf in Resources */,
				DD0293312111FE3300FC3800 /* LaunchScreen.storyboard in Resources */,
				DD02932E2111FE3300FC3800 /* Assets.xcassets in Resources */,
				DDC0E7E721342C7D005D4DAA /* Raleway-v4020-SemiBold.otf in Resources */,
			);
			runOnlyForDeploymentPostprocessing = 0;
		};
/* End PBXResourcesBuildPhase section */

/* Begin PBXSourcesBuildPhase section */
		DD02931C2111FE3100FC3800 /* Sources */ = {
			isa = PBXSourcesBuildPhase;
			buildActionMask = 2147483647;
			files = (
				DD0293392113569E00FC3800 /* GDGradient.swift in Sources */,
				DDC0E7E92134420F005D4DAA /* GDButton.swift in Sources */,
				DD0293262111FE3100FC3800 /* WelcomeController.swift in Sources */,
				DD02932C2111FE3100FC3800 /* Getitdone.xcdatamodeld in Sources */,
				DDC0E7E221340CD1005D4DAA /* GDLabel.swift in Sources */,
				DD455C04212EF99400212164 /* extension.swift in Sources */,
				DDCD1945218CC09500855E95 /* GDTextField.swift in Sources */,
				DDC0E7ED2137FFE4005D4DAA /* GDHeaderView.swift in Sources */,
				DDBD7DC02196C57100483619 /* GDTableView.swift in Sources */,
				DD1D7A452185BF9800A4BC6C /* optionset.swift in Sources */,
				DDCD1941218CB04900855E95 /* protocol.swift in Sources */,
				DD0293242111FE3100FC3800 /* AppDelegate.swift in Sources */,
				DDC0E7EB21353CFB005D4DAA /* ListController.swift in Sources */,
				DDCD1943218CB33D00855E95 /* GDNewItemPopup.swift in Sources */,
			);
			runOnlyForDeploymentPostprocessing = 0;
		};
/* End PBXSourcesBuildPhase section */

/* Begin PBXVariantGroup section */
		DD02932F2111FE3300FC3800 /* LaunchScreen.storyboard */ = {
			isa = PBXVariantGroup;
			children = (
				DD0293302111FE3300FC3800 /* Base */,
			);
			name = LaunchScreen.storyboard;
			sourceTree = "<group>";
		};
/* End PBXVariantGroup section */

/* Begin XCBuildConfiguration section */
		DD0293332111FE3300FC3800 /* Debug */ = {
			isa = XCBuildConfiguration;
			buildSettings = {
				ALWAYS_SEARCH_USER_PATHS = NO;
				CLANG_ANALYZER_NONNULL = YES;
				CLANG_ANALYZER_NUMBER_OBJECT_CONVERSION = YES_AGGRESSIVE;
				CLANG_CXX_LANGUAGE_STANDARD = "gnu++14";
				CLANG_CXX_LIBRARY = "libc++";
				CLANG_ENABLE_MODULES = YES;
				CLANG_ENABLE_OBJC_ARC = YES;
				CLANG_ENABLE_OBJC_WEAK = YES;
				CLANG_WARN_BLOCK_CAPTURE_AUTORELEASING = YES;
				CLANG_WARN_BOOL_CONVERSION = YES;
				CLANG_WARN_COMMA = YES;
				CLANG_WARN_CONSTANT_CONVERSION = YES;
				CLANG_WARN_DEPRECATED_OBJC_IMPLEMENTATIONS = YES;
				CLANG_WARN_DIRECT_OBJC_ISA_USAGE = YES_ERROR;
				CLANG_WARN_DOCUMENTATION_COMMENTS = YES;
				CLANG_WARN_EMPTY_BODY = YES;
				CLANG_WARN_ENUM_CONVERSION = YES;
				CLANG_WARN_INFINITE_RECURSION = YES;
				CLANG_WARN_INT_CONVERSION = YES;
				CLANG_WARN_NON_LITERAL_NULL_CONVERSION = YES;
				CLANG_WARN_OBJC_IMPLICIT_RETAIN_SELF = YES;
				CLANG_WARN_OBJC_LITERAL_CONVERSION = YES;
				CLANG_WARN_OBJC_ROOT_CLASS = YES_ERROR;
				CLANG_WARN_RANGE_LOOP_ANALYSIS = YES;
				CLANG_WARN_STRICT_PROTOTYPES = YES;
				CLANG_WARN_SUSPICIOUS_MOVE = YES;
				CLANG_WARN_UNGUARDED_AVAILABILITY = YES_AGGRESSIVE;
				CLANG_WARN_UNREACHABLE_CODE = YES;
				CLANG_WARN__DUPLICATE_METHOD_MATCH = YES;
				CODE_SIGN_IDENTITY = "iPhone Developer";
				COPY_PHASE_STRIP = NO;
				DEBUG_INFORMATION_FORMAT = dwarf;
				ENABLE_STRICT_OBJC_MSGSEND = YES;
				ENABLE_TESTABILITY = YES;
				GCC_C_LANGUAGE_STANDARD = gnu11;
				GCC_DYNAMIC_NO_PIC = NO;
				GCC_NO_COMMON_BLOCKS = YES;
				GCC_OPTIMIZATION_LEVEL = 0;
				GCC_PREPROCESSOR_DEFINITIONS = (
					"DEBUG=1",
					"$(inherited)",
				);
				GCC_WARN_64_TO_32_BIT_CONVERSION = YES;
				GCC_WARN_ABOUT_RETURN_TYPE = YES_ERROR;
				GCC_WARN_UNDECLARED_SELECTOR = YES;
				GCC_WARN_UNINITIALIZED_AUTOS = YES_AGGRESSIVE;
				GCC_WARN_UNUSED_FUNCTION = YES;
				GCC_WARN_UNUSED_VARIABLE = YES;
				IPHONEOS_DEPLOYMENT_TARGET = 11.4;
				MTL_ENABLE_DEBUG_INFO = YES;
				ONLY_ACTIVE_ARCH = YES;
				SDKROOT = iphoneos;
				SWIFT_ACTIVE_COMPILATION_CONDITIONS = DEBUG;
				SWIFT_OPTIMIZATION_LEVEL = "-Onone";
			};
			name = Debug;
		};
		DD0293342111FE3300FC3800 /* Release */ = {
			isa = XCBuildConfiguration;
			buildSettings = {
				ALWAYS_SEARCH_USER_PATHS = NO;
				CLANG_ANALYZER_NONNULL = YES;
				CLANG_ANALYZER_NUMBER_OBJECT_CONVERSION = YES_AGGRESSIVE;
				CLANG_CXX_LANGUAGE_STANDARD = "gnu++14";
				CLANG_CXX_LIBRARY = "libc++";
				CLANG_ENABLE_MODULES = YES;
				CLANG_ENABLE_OBJC_ARC = YES;
				CLANG_ENABLE_OBJC_WEAK = YES;
				CLANG_WARN_BLOCK_CAPTURE_AUTORELEASING = YES;
				CLANG_WARN_BOOL_CONVERSION = YES;
				CLANG_WARN_COMMA = YES;
				CLANG_WARN_CONSTANT_CONVERSION = YES;
				CLANG_WARN_DEPRECATED_OBJC_IMPLEMENTATIONS = YES;
				CLANG_WARN_DIRECT_OBJC_ISA_USAGE = YES_ERROR;
				CLANG_WARN_DOCUMENTATION_COMMENTS = YES;
				CLANG_WARN_EMPTY_BODY = YES;
				CLANG_WARN_ENUM_CONVERSION = YES;
				CLANG_WARN_INFINITE_RECURSION = YES;
				CLANG_WARN_INT_CONVERSION = YES;
				CLANG_WARN_NON_LITERAL_NULL_CONVERSION = YES;
				CLANG_WARN_OBJC_IMPLICIT_RETAIN_SELF = YES;
				CLANG_WARN_OBJC_LITERAL_CONVERSION = YES;
				CLANG_WARN_OBJC_ROOT_CLASS = YES_ERROR;
				CLANG_WARN_RANGE_LOOP_ANALYSIS = YES;
				CLANG_WARN_STRICT_PROTOTYPES = YES;
				CLANG_WARN_SUSPICIOUS_MOVE = YES;
				CLANG_WARN_UNGUARDED_AVAILABILITY = YES_AGGRESSIVE;
				CLANG_WARN_UNREACHABLE_CODE = YES;
				CLANG_WARN__DUPLICATE_METHOD_MATCH = YES;
				CODE_SIGN_IDENTITY = "iPhone Developer";
				COPY_PHASE_STRIP = NO;
				DEBUG_INFORMATION_FORMAT = "dwarf-with-dsym";
				ENABLE_NS_ASSERTIONS = NO;
				ENABLE_STRICT_OBJC_MSGSEND = YES;
				GCC_C_LANGUAGE_STANDARD = gnu11;
				GCC_NO_COMMON_BLOCKS = YES;
				GCC_WARN_64_TO_32_BIT_CONVERSION = YES;
				GCC_WARN_ABOUT_RETURN_TYPE = YES_ERROR;
				GCC_WARN_UNDECLARED_SELECTOR = YES;
				GCC_WARN_UNINITIALIZED_AUTOS = YES_AGGRESSIVE;
				GCC_WARN_UNUSED_FUNCTION = YES;
				GCC_WARN_UNUSED_VARIABLE = YES;
				IPHONEOS_DEPLOYMENT_TARGET = 11.4;
				MTL_ENABLE_DEBUG_INFO = NO;
				SDKROOT = iphoneos;
				SWIFT_COMPILATION_MODE = wholemodule;
				SWIFT_OPTIMIZATION_LEVEL = "-O";
				VALIDATE_PRODUCT = YES;
			};
			name = Release;
		};
		DD0293362111FE3300FC3800 /* Debug */ = {
			isa = XCBuildConfiguration;
			buildSettings = {
				ASSETCATALOG_COMPILER_APPICON_NAME = AppIcon;
				CODE_SIGN_STYLE = Automatic;
				DEVELOPMENT_TEAM = 8TP45QWH7P;
				INFOPLIST_FILE = Getitdone/Info.plist;
				LD_RUNPATH_SEARCH_PATHS = (
					"$(inherited)",
					"@executable_path/Frameworks",
				);
				PRODUCT_BUNDLE_IDENTIFIER = basetis.com.Getitdone;
				PRODUCT_NAME = "$(TARGET_NAME)";
				SWIFT_VERSION = 4.0;
				TARGETED_DEVICE_FAMILY = "1,2";
			};
			name = Debug;
		};
		DD0293372111FE3300FC3800 /* Release */ = {
			isa = XCBuildConfiguration;
			buildSettings = {
				ASSETCATALOG_COMPILER_APPICON_NAME = AppIcon;
				CODE_SIGN_STYLE = Automatic;
				DEVELOPMENT_TEAM = 8TP45QWH7P;
				INFOPLIST_FILE = Getitdone/Info.plist;
				LD_RUNPATH_SEARCH_PATHS = (
					"$(inherited)",
					"@executable_path/Frameworks",
				);
				PRODUCT_BUNDLE_IDENTIFIER = basetis.com.Getitdone;
				PRODUCT_NAME = "$(TARGET_NAME)";
				SWIFT_VERSION = 4.0;
				TARGETED_DEVICE_FAMILY = "1,2";
			};
			name = Release;
		};
/* End XCBuildConfiguration section */

/* Begin XCConfigurationList section */
		DD02931B2111FE3100FC3800 /* Build configuration list for PBXProject "Getitdone" */ = {
			isa = XCConfigurationList;
			buildConfigurations = (
				DD0293332111FE3300FC3800 /* Debug */,
				DD0293342111FE3300FC3800 /* Release */,
			);
			defaultConfigurationIsVisible = 0;
			defaultConfigurationName = Release;
		};
		DD0293352111FE3300FC3800 /* Build configuration list for PBXNativeTarget "Getitdone" */ = {
			isa = XCConfigurationList;
			buildConfigurations = (
				DD0293362111FE3300FC3800 /* Debug */,
				DD0293372111FE3300FC3800 /* Release */,
			);
			defaultConfigurationIsVisible = 0;
			defaultConfigurationName = Release;
		};
/* End XCConfigurationList section */

/* Begin XCVersionGroup section */
		DD02932A2111FE3100FC3800 /* Getitdone.xcdatamodeld */ = {
			isa = XCVersionGroup;
			children = (
				DD02932B2111FE3100FC3800 /* Getitdone.xcdatamodel */,
			);
			currentVersion = DD02932B2111FE3100FC3800 /* Getitdone.xcdatamodel */;
			path = Getitdone.xcdatamodeld;
			sourceTree = "<group>";
			versionGroupType = wrapper.xcdatamodel;
		};
/* End XCVersionGroup section */
	};
	rootObject = DD0293182111FE3100FC3800 /* Project object */;
}
